
Microsoft Visual Studio Solution File, Format Version 12.00
# Visual Studio Version 17
VisualStudioVersion = 17.9.34616.47
MinimumVisualStudioVersion = 10.0.40219.1
Project("{FAE04EC0-301F-11D3-BF4B-00C04F79EFBC}") = "EndRoundHooks", "EndRoundHooks.csproj", "{08BC1994-86D5-4F4E-B582-030D9D8B2B1E}"
EndProject
Global
	GlobalSection(SolutionConfigurationPlatforms) = preSolution
		Debug|Any CPU = Debug|Any CPU
		Release|Any CPU = Release|Any CPU
	EndGlobalSection
	GlobalSection(ProjectConfigurationPlatforms) = postSolution
		{08BC1994-86D5-4F4E-B582-030D9D8B2B1E}.Debug|Any CPU.ActiveCfg = Debug|Any CPU
		{08BC1994-86D5-4F4E-B582-030D9D8B2B1E}.Debug|Any CPU.Build.0 = Debug|Any CPU
		{08BC1994-86D5-4F4E-B582-030D9D8B2B1E}.Release|Any CPU.ActiveCfg = Release|Any CPU
		{08BC1994-86D5-4F4E-B582-030D9D8B2B1E}.Release|Any CPU.Build.0 = Release|Any CPU
	EndGlobalSection
	GlobalSection(SolutionProperties) = preSolution
		HideSolutionNode = FALSE
	EndGlobalSection
	GlobalSection(ExtensibilityGlobals) = postSolution
		SolutionGuid = {8107150A-F92F-4F2B-A859-9FDDC38A6AB9}
	EndGlobalSection
EndGlobal
